
Microsoft Visual Studio Solution File, Format Version 12.00
# Visual Studio 2013
VisualStudioVersion = 12.0.31101.0
MinimumVisualStudioVersion = 10.0.40219.1
Project("{2150E333-8FDC-42A3-9474-1A3956D46DE8}") = "0-APRESENTACAO", "0-APRESENTACAO", "{0F1A3CFA-BC2B-42A9-BC1C-37199336F62C}"
EndProject
Project("{2150E333-8FDC-42A3-9474-1A3956D46DE8}") = "1-SERVICOS", "1-SERVICOS", "{50A9E103-2396-4A09-88BB-DDFECF12FAA6}"
EndProject
Project("{2150E333-8FDC-42A3-9474-1A3956D46DE8}") = "2-APLICACAO", "2-APLICACAO", "{A8843798-24AD-47FD-9CF6-810F50AE7860}"
EndProject
Project("{2150E333-8FDC-42A3-9474-1A3956D46DE8}") = "3-DOMINIO", "3-DOMINIO", "{1D2DBAD2-6E72-4658-841C-6F71A9416D50}"
EndProject
Project("{2150E333-8FDC-42A3-9474-1A3956D46DE8}") = "4-INFRAESTRUTURA", "4-INFRAESTRUTURA", "{F0D2D8AD-1FF0-440E-AEDE-E110B20C2712}"
EndProject
Project("{2150E333-8FDC-42A3-9474-1A3956D46DE8}") = "4.1-Dados", "4.1-Dados", "{4CC52426-BF3C-409D-A327-A38E71C05306}"
EndProject
Project("{2150E333-8FDC-42A3-9474-1A3956D46DE8}") = "4.2-CrossCulting", "4.2-CrossCulting", "{AC36E37F-3E60-4A7F-8EAF-3AB2E174964D}"
EndProject
Project("{FAE04EC0-301F-11D3-BF4B-00C04F79EFBC}") = "PROJETOMODELODDD.DOMINIO", "PROJETOMODELODDD.DOMINIO\PROJETOMODELODDD.DOMINIO.csproj", "{8520E06A-A142-493C-9D91-90845728CBA5}"
EndProject
Project("{FAE04EC0-301F-11D3-BF4B-00C04F79EFBC}") = "PROJETOMODELODDD.Infra.Dados", "PROJETOMODELODDD.INFRA.DADDOS\PROJETOMODELODDD.Infra.Dados.csproj", "{A94714BA-64F5-4321-BD5A-F88C3A775A2A}"
EndProject
Project("{FAE04EC0-301F-11D3-BF4B-00C04F79EFBC}") = "PROJETOMODELODDD.Aplicacao", "PROJETOMODELODDD.Aplicacao\PROJETOMODELODDD.Aplicacao.csproj", "{F7DA7ECD-8C1F-470A-85F6-52D928041014}"
EndProject
Project("{FAE04EC0-301F-11D3-BF4B-00C04F79EFBC}") = "PROJETOMODELODDD.MVC", "PROJETOMODELODDD.MVC\PROJETOMODELODDD.MVC.csproj", "{2B3FA4DA-33F4-4E21-94F4-1451945B79F6}"
EndProject
Global
	GlobalSection(SolutionConfigurationPlatforms) = preSolution
		Debug|Any CPU = Debug|Any CPU
		Release|Any CPU = Release|Any CPU
	EndGlobalSection
	GlobalSection(ProjectConfigurationPlatforms) = postSolution
		{8520E06A-A142-493C-9D91-90845728CBA5}.Debug|Any CPU.ActiveCfg = Debug|Any CPU
		{8520E06A-A142-493C-9D91-90845728CBA5}.Debug|Any CPU.Build.0 = Debug|Any CPU
		{8520E06A-A142-493C-9D91-90845728CBA5}.Release|Any CPU.ActiveCfg = Release|Any CPU
		{8520E06A-A142-493C-9D91-90845728CBA5}.Release|Any CPU.Build.0 = Release|Any CPU
		{A94714BA-64F5-4321-BD5A-F88C3A775A2A}.Debug|Any CPU.ActiveCfg = Debug|Any CPU
		{A94714BA-64F5-4321-BD5A-F88C3A775A2A}.Debug|Any CPU.Build.0 = Debug|Any CPU
		{A94714BA-64F5-4321-BD5A-F88C3A775A2A}.Release|Any CPU.ActiveCfg = Release|Any CPU
		{A94714BA-64F5-4321-BD5A-F88C3A775A2A}.Release|Any CPU.Build.0 = Release|Any CPU
		{F7DA7ECD-8C1F-470A-85F6-52D928041014}.Debug|Any CPU.ActiveCfg = Debug|Any CPU
		{F7DA7ECD-8C1F-470A-85F6-52D928041014}.Debug|Any CPU.Build.0 = Debug|Any CPU
		{F7DA7ECD-8C1F-470A-85F6-52D928041014}.Release|Any CPU.ActiveCfg = Release|Any CPU
		{F7DA7ECD-8C1F-470A-85F6-52D928041014}.Release|Any CPU.Build.0 = Release|Any CPU
		{2B3FA4DA-33F4-4E21-94F4-1451945B79F6}.Debug|Any CPU.ActiveCfg = Debug|Any CPU
		{2B3FA4DA-33F4-4E21-94F4-1451945B79F6}.Debug|Any CPU.Build.0 = Debug|Any CPU
		{2B3FA4DA-33F4-4E21-94F4-1451945B79F6}.Release|Any CPU.ActiveCfg = Release|Any CPU
		{2B3FA4DA-33F4-4E21-94F4-1451945B79F6}.Release|Any CPU.Build.0 = Release|Any CPU
	EndGlobalSection
	GlobalSection(SolutionProperties) = preSolution
		HideSolutionNode = FALSE
	EndGlobalSection
	GlobalSection(NestedProjects) = preSolution
		{4CC52426-BF3C-409D-A327-A38E71C05306} = {F0D2D8AD-1FF0-440E-AEDE-E110B20C2712}
		{AC36E37F-3E60-4A7F-8EAF-3AB2E174964D} = {F0D2D8AD-1FF0-440E-AEDE-E110B20C2712}
		{8520E06A-A142-493C-9D91-90845728CBA5} = {1D2DBAD2-6E72-4658-841C-6F71A9416D50}
		{A94714BA-64F5-4321-BD5A-F88C3A775A2A} = {4CC52426-BF3C-409D-A327-A38E71C05306}
		{F7DA7ECD-8C1F-470A-85F6-52D928041014} = {A8843798-24AD-47FD-9CF6-810F50AE7860}
		{2B3FA4DA-33F4-4E21-94F4-1451945B79F6} = {0F1A3CFA-BC2B-42A9-BC1C-37199336F62C}
	EndGlobalSection
EndGlobal
