
Microsoft Visual Studio Solution File, Format Version 12.00
# Visual Studio 2013
VisualStudioVersion = 12.0.21005.1
MinimumVisualStudioVersion = 10.0.40219.1
Project("{2150E333-8FDC-42A3-9474-1A3956D46DE8}") = "02-Operadores", "02-Operadores", "{95A0C500-7AE9-47F9-B67F-B816C3180DD6}"
EndProject
Project("{FAE04EC0-301F-11D3-BF4B-00C04F79EFBC}") = "CursoCSharpModuloI.Operadores.Aritimeticos", "CursoCSharpModuloI.Operadores.Aritimeticos\CursoCSharpModuloI.Operadores.Aritimeticos.csproj", "{7C88B914-8DB1-4377-A6DE-35F2FFC2A972}"
EndProject
Project("{FAE04EC0-301F-11D3-BF4B-00C04F79EFBC}") = "CursoCSharpModuloI.Operadores.Atribuicao", "CursoCSharpModuloI.Operadores.Atribuicao\CursoCSharpModuloI.Operadores.Atribuicao.csproj", "{1D83E27E-9FFE-4330-865B-6332226213DC}"
EndProject
Project("{FAE04EC0-301F-11D3-BF4B-00C04F79EFBC}") = "CursoCSharpModuloI.Operadores.Relacionais", "CursoCSharpModuloI.Operadores.Relacionais\CursoCSharpModuloI.Operadores.Relacionais.csproj", "{9E739048-2561-4296-A5B3-CECF15FC4FCA}"
EndProject
Project("{2150E333-8FDC-42A3-9474-1A3956D46DE8}") = "01-Variáveis e Tipos Primitivos", "01-Variáveis e Tipos Primitivos", "{6601F709-D512-490C-B7C6-0D3A438235C1}"
EndProject
Project("{FAE04EC0-301F-11D3-BF4B-00C04F79EFBC}") = "CursoCSharpModuloI.Variaveis.TiposPrimitivos", "CursoCSharpModuloI.Variaveis.TiposPrimitivos\CursoCSharpModuloI.Variaveis.TiposPrimitivos.csproj", "{48D4B12C-5FB9-4636-8813-A9325C4F05EA}"
EndProject
Project("{2150E333-8FDC-42A3-9474-1A3956D46DE8}") = "03-Estruturas de Controle", "03-Estruturas de Controle", "{B84B9177-5716-4CB4-B1F2-5EE0F73D0001}"
EndProject
Project("{FAE04EC0-301F-11D3-BF4B-00C04F79EFBC}") = "CursoCSharpModuloI.EstruturaControles.IfElse", "CursoCSharpModuloI.EstruturaControles.IfElse\CursoCSharpModuloI.EstruturaControles.IfElse.csproj", "{5E5EC5A9-8170-4D0B-9F26-CD251B72EC3A}"
EndProject
Project("{FAE04EC0-301F-11D3-BF4B-00C04F79EFBC}") = "CursoCSharpModuloI.EstruturaControles.IfTernario", "CursoCSharpModuloI.EstruturaControles.IfTernario\CursoCSharpModuloI.EstruturaControles.IfTernario.csproj", "{221D1CB3-BB82-437B-B553-3119D9CBFFB3}"
EndProject
Project("{2150E333-8FDC-42A3-9474-1A3956D46DE8}") = "05-Classes", "05-Classes", "{E0E16B79-5570-4107-900A-D2CADB620015}"
EndProject
Project("{FAE04EC0-301F-11D3-BF4B-00C04F79EFBC}") = "CursoCSharpModuloI.Classes", "CursoCSharpModuloI.Classes\CursoCSharpModuloI.Classes.csproj", "{3242A0DB-F693-4168-AECC-59B217EE367F}"
EndProject
Project("{2150E333-8FDC-42A3-9474-1A3956D46DE8}") = "04-Estruturas de Repetição", "04-Estruturas de Repetição", "{9CBFC72B-00B3-43E3-9C26-8F067E7B8918}"
EndProject
Project("{FAE04EC0-301F-11D3-BF4B-00C04F79EFBC}") = "CursoCSharpModuloI.EstruturaRepeticao", "CursoCSharpModuloI.EstruturaRepeticao\CursoCSharpModuloI.EstruturaRepeticao.csproj", "{54E65E31-8AB9-44B7-AEBA-1D2611A58ABB}"
EndProject
Project("{2150E333-8FDC-42A3-9474-1A3956D46DE8}") = "06-Herança", "06-Herança", "{54A1E1C1-8C91-49E2-B0E0-B7820A93F0A9}"
EndProject
Project("{2150E333-8FDC-42A3-9474-1A3956D46DE8}") = "07-Interfaces", "07-Interfaces", "{2DC4B594-77EB-44DC-9893-98090440B6A3}"
EndProject
Project("{2150E333-8FDC-42A3-9474-1A3956D46DE8}") = "08-Arrays", "08-Arrays", "{C768E3F7-0AC1-4B6F-9469-9BC0CA6CB0A5}"
EndProject
Project("{FAE04EC0-301F-11D3-BF4B-00C04F79EFBC}") = "CursoCSharpModuloI.Heranca", "CursoCSharpModuloI.Heranca\CursoCSharpModuloI.Heranca.csproj", "{F70C8E29-921E-4D87-A84E-ED2806DEC19F}"
EndProject
Project("{FAE04EC0-301F-11D3-BF4B-00C04F79EFBC}") = "CursoCSharpModuloI.Interfaces", "CursoCSharpModuloI.Interfaces\CursoCSharpModuloI.Interfaces.csproj", "{80452167-B6AE-49C4-8056-B138B46814B0}"
EndProject
Project("{FAE04EC0-301F-11D3-BF4B-00C04F79EFBC}") = "CursoCSharpModuloI.Arrays", "CursoCSharpModuloI.Arrays\CursoCSharpModuloI.Arrays.csproj", "{6ABEBD56-386A-4DD3-82DF-53D671EDB35B}"
EndProject
Project("{2150E333-8FDC-42A3-9474-1A3956D46DE8}") = "13-Linq e Lambda", "13-Linq e Lambda", "{84B7D487-D5FA-44BB-857E-64CA153CACEE}"
EndProject
Project("{FAE04EC0-301F-11D3-BF4B-00C04F79EFBC}") = "CursoCSharpModuloI.LinqLambda", "CursoCSharpModuloI.LinqLambda\CursoCSharpModuloI.LinqLambda.csproj", "{1A8C66F7-3246-4AA8-8919-8B1AF14D1887}"
EndProject
Project("{2150E333-8FDC-42A3-9474-1A3956D46DE8}") = "09-Classes e Membros Estaticos", "09-Classes e Membros Estaticos", "{207D277C-65FE-4ADE-8F88-B2F43E63A171}"
EndProject
Project("{FAE04EC0-301F-11D3-BF4B-00C04F79EFBC}") = "CursoCSharpModuloI.ClassesEMembrosEstaticos", "CursoCSharpModuloI.ClassesEMembrosEstaticos\CursoCSharpModuloI.ClassesEMembrosEstaticos.csproj", "{9B2F8B50-1898-4CF2-8DBA-C0B301EB3D99}"
EndProject
Project("{2150E333-8FDC-42A3-9474-1A3956D46DE8}") = "10-Strings", "10-Strings", "{110F2B99-F2E5-401C-8F76-5D5D2C9CC211}"
EndProject
Project("{FAE04EC0-301F-11D3-BF4B-00C04F79EFBC}") = "CursoCSharpModuloI.Variaveis.Strings", "CursoCSharpModuloI.Variaveis.Strings\CursoCSharpModuloI.Variaveis.Strings.csproj", "{7A87D928-BCE1-4CCA-A489-1B852FD17334}"
EndProject
Project("{2150E333-8FDC-42A3-9474-1A3956D46DE8}") = "11-Exceptions", "11-Exceptions", "{BDBAC958-4D1A-4125-8B21-BF55D50ACE3A}"
EndProject
Project("{FAE04EC0-301F-11D3-BF4B-00C04F79EFBC}") = "CursoCSharpModuloI.Exceptions", "CursoCSharpModuloI.Exceptions\CursoCSharpModuloI.Exceptions.csproj", "{9DCF8FA4-2D5B-4A9A-9B22-410DC434DC8E}"
EndProject
Project("{2150E333-8FDC-42A3-9474-1A3956D46DE8}") = "12-Collenctions", "12-Collenctions", "{94FB10C2-F87D-4F03-9DAF-6DFA7034BA84}"
EndProject
Project("{FAE04EC0-301F-11D3-BF4B-00C04F79EFBC}") = "CursoCSharpModuloI.Collenctions", "CursoCSharpModuloI.Collenctions\CursoCSharpModuloI.Collenctions.csproj", "{6189715C-7C0C-4C99-84CC-0DDDF14AA5D1}"
EndProject
Project("{2150E333-8FDC-42A3-9474-1A3956D46DE8}") = "14-Exercícios", "14-Exercícios", "{92A08F49-0695-43B3-9556-D69E962062C7}"
EndProject
Project("{FAE04EC0-301F-11D3-BF4B-00C04F79EFBC}") = "CursoCSharpModuloI.Exercicios", "CursoCSharpModuloI.Exercicios\CursoCSharpModuloI.Exercicios.csproj", "{D4C20AB7-37F9-4E7F-86DA-1B1C41E36CC3}"
EndProject
Global
	GlobalSection(SolutionConfigurationPlatforms) = preSolution
		Debug|Any CPU = Debug|Any CPU
		Release|Any CPU = Release|Any CPU
	EndGlobalSection
	GlobalSection(ProjectConfigurationPlatforms) = postSolution
		{7C88B914-8DB1-4377-A6DE-35F2FFC2A972}.Debug|Any CPU.ActiveCfg = Debug|Any CPU
		{7C88B914-8DB1-4377-A6DE-35F2FFC2A972}.Debug|Any CPU.Build.0 = Debug|Any CPU
		{7C88B914-8DB1-4377-A6DE-35F2FFC2A972}.Release|Any CPU.ActiveCfg = Release|Any CPU
		{7C88B914-8DB1-4377-A6DE-35F2FFC2A972}.Release|Any CPU.Build.0 = Release|Any CPU
		{1D83E27E-9FFE-4330-865B-6332226213DC}.Debug|Any CPU.ActiveCfg = Debug|Any CPU
		{1D83E27E-9FFE-4330-865B-6332226213DC}.Debug|Any CPU.Build.0 = Debug|Any CPU
		{1D83E27E-9FFE-4330-865B-6332226213DC}.Release|Any CPU.ActiveCfg = Release|Any CPU
		{1D83E27E-9FFE-4330-865B-6332226213DC}.Release|Any CPU.Build.0 = Release|Any CPU
		{9E739048-2561-4296-A5B3-CECF15FC4FCA}.Debug|Any CPU.ActiveCfg = Debug|Any CPU
		{9E739048-2561-4296-A5B3-CECF15FC4FCA}.Debug|Any CPU.Build.0 = Debug|Any CPU
		{9E739048-2561-4296-A5B3-CECF15FC4FCA}.Release|Any CPU.ActiveCfg = Release|Any CPU
		{9E739048-2561-4296-A5B3-CECF15FC4FCA}.Release|Any CPU.Build.0 = Release|Any CPU
		{48D4B12C-5FB9-4636-8813-A9325C4F05EA}.Debug|Any CPU.ActiveCfg = Debug|Any CPU
		{48D4B12C-5FB9-4636-8813-A9325C4F05EA}.Debug|Any CPU.Build.0 = Debug|Any CPU
		{48D4B12C-5FB9-4636-8813-A9325C4F05EA}.Release|Any CPU.ActiveCfg = Release|Any CPU
		{48D4B12C-5FB9-4636-8813-A9325C4F05EA}.Release|Any CPU.Build.0 = Release|Any CPU
		{5E5EC5A9-8170-4D0B-9F26-CD251B72EC3A}.Debug|Any CPU.ActiveCfg = Debug|Any CPU
		{5E5EC5A9-8170-4D0B-9F26-CD251B72EC3A}.Debug|Any CPU.Build.0 = Debug|Any CPU
		{5E5EC5A9-8170-4D0B-9F26-CD251B72EC3A}.Release|Any CPU.ActiveCfg = Release|Any CPU
		{5E5EC5A9-8170-4D0B-9F26-CD251B72EC3A}.Release|Any CPU.Build.0 = Release|Any CPU
		{221D1CB3-BB82-437B-B553-3119D9CBFFB3}.Debug|Any CPU.ActiveCfg = Debug|Any CPU
		{221D1CB3-BB82-437B-B553-3119D9CBFFB3}.Debug|Any CPU.Build.0 = Debug|Any CPU
		{221D1CB3-BB82-437B-B553-3119D9CBFFB3}.Release|Any CPU.ActiveCfg = Release|Any CPU
		{221D1CB3-BB82-437B-B553-3119D9CBFFB3}.Release|Any CPU.Build.0 = Release|Any CPU
		{3242A0DB-F693-4168-AECC-59B217EE367F}.Debug|Any CPU.ActiveCfg = Debug|Any CPU
		{3242A0DB-F693-4168-AECC-59B217EE367F}.Debug|Any CPU.Build.0 = Debug|Any CPU
		{3242A0DB-F693-4168-AECC-59B217EE367F}.Release|Any CPU.ActiveCfg = Release|Any CPU
		{3242A0DB-F693-4168-AECC-59B217EE367F}.Release|Any CPU.Build.0 = Release|Any CPU
		{54E65E31-8AB9-44B7-AEBA-1D2611A58ABB}.Debug|Any CPU.ActiveCfg = Debug|Any CPU
		{54E65E31-8AB9-44B7-AEBA-1D2611A58ABB}.Debug|Any CPU.Build.0 = Debug|Any CPU
		{54E65E31-8AB9-44B7-AEBA-1D2611A58ABB}.Release|Any CPU.ActiveCfg = Release|Any CPU
		{54E65E31-8AB9-44B7-AEBA-1D2611A58ABB}.Release|Any CPU.Build.0 = Release|Any CPU
		{F70C8E29-921E-4D87-A84E-ED2806DEC19F}.Debug|Any CPU.ActiveCfg = Debug|Any CPU
		{F70C8E29-921E-4D87-A84E-ED2806DEC19F}.Debug|Any CPU.Build.0 = Debug|Any CPU
		{F70C8E29-921E-4D87-A84E-ED2806DEC19F}.Release|Any CPU.ActiveCfg = Release|Any CPU
		{F70C8E29-921E-4D87-A84E-ED2806DEC19F}.Release|Any CPU.Build.0 = Release|Any CPU
		{80452167-B6AE-49C4-8056-B138B46814B0}.Debug|Any CPU.ActiveCfg = Debug|Any CPU
		{80452167-B6AE-49C4-8056-B138B46814B0}.Debug|Any CPU.Build.0 = Debug|Any CPU
		{80452167-B6AE-49C4-8056-B138B46814B0}.Release|Any CPU.ActiveCfg = Release|Any CPU
		{80452167-B6AE-49C4-8056-B138B46814B0}.Release|Any CPU.Build.0 = Release|Any CPU
		{6ABEBD56-386A-4DD3-82DF-53D671EDB35B}.Debug|Any CPU.ActiveCfg = Debug|Any CPU
		{6ABEBD56-386A-4DD3-82DF-53D671EDB35B}.Debug|Any CPU.Build.0 = Debug|Any CPU
		{6ABEBD56-386A-4DD3-82DF-53D671EDB35B}.Release|Any CPU.ActiveCfg = Release|Any CPU
		{6ABEBD56-386A-4DD3-82DF-53D671EDB35B}.Release|Any CPU.Build.0 = Release|Any CPU
		{1A8C66F7-3246-4AA8-8919-8B1AF14D1887}.Debug|Any CPU.ActiveCfg = Debug|Any CPU
		{1A8C66F7-3246-4AA8-8919-8B1AF14D1887}.Debug|Any CPU.Build.0 = Debug|Any CPU
		{1A8C66F7-3246-4AA8-8919-8B1AF14D1887}.Release|Any CPU.ActiveCfg = Release|Any CPU
		{1A8C66F7-3246-4AA8-8919-8B1AF14D1887}.Release|Any CPU.Build.0 = Release|Any CPU
		{9B2F8B50-1898-4CF2-8DBA-C0B301EB3D99}.Debug|Any CPU.ActiveCfg = Debug|Any CPU
		{9B2F8B50-1898-4CF2-8DBA-C0B301EB3D99}.Debug|Any CPU.Build.0 = Debug|Any CPU
		{9B2F8B50-1898-4CF2-8DBA-C0B301EB3D99}.Release|Any CPU.ActiveCfg = Release|Any CPU
		{9B2F8B50-1898-4CF2-8DBA-C0B301EB3D99}.Release|Any CPU.Build.0 = Release|Any CPU
		{7A87D928-BCE1-4CCA-A489-1B852FD17334}.Debug|Any CPU.ActiveCfg = Debug|Any CPU
		{7A87D928-BCE1-4CCA-A489-1B852FD17334}.Debug|Any CPU.Build.0 = Debug|Any CPU
		{7A87D928-BCE1-4CCA-A489-1B852FD17334}.Release|Any CPU.ActiveCfg = Release|Any CPU
		{7A87D928-BCE1-4CCA-A489-1B852FD17334}.Release|Any CPU.Build.0 = Release|Any CPU
		{9DCF8FA4-2D5B-4A9A-9B22-410DC434DC8E}.Debug|Any CPU.ActiveCfg = Debug|Any CPU
		{9DCF8FA4-2D5B-4A9A-9B22-410DC434DC8E}.Debug|Any CPU.Build.0 = Debug|Any CPU
		{9DCF8FA4-2D5B-4A9A-9B22-410DC434DC8E}.Release|Any CPU.ActiveCfg = Release|Any CPU
		{9DCF8FA4-2D5B-4A9A-9B22-410DC434DC8E}.Release|Any CPU.Build.0 = Release|Any CPU
		{6189715C-7C0C-4C99-84CC-0DDDF14AA5D1}.Debug|Any CPU.ActiveCfg = Debug|Any CPU
		{6189715C-7C0C-4C99-84CC-0DDDF14AA5D1}.Debug|Any CPU.Build.0 = Debug|Any CPU
		{6189715C-7C0C-4C99-84CC-0DDDF14AA5D1}.Release|Any CPU.ActiveCfg = Release|Any CPU
		{6189715C-7C0C-4C99-84CC-0DDDF14AA5D1}.Release|Any CPU.Build.0 = Release|Any CPU
		{D4C20AB7-37F9-4E7F-86DA-1B1C41E36CC3}.Debug|Any CPU.ActiveCfg = Debug|Any CPU
		{D4C20AB7-37F9-4E7F-86DA-1B1C41E36CC3}.Debug|Any CPU.Build.0 = Debug|Any CPU
		{D4C20AB7-37F9-4E7F-86DA-1B1C41E36CC3}.Release|Any CPU.ActiveCfg = Release|Any CPU
		{D4C20AB7-37F9-4E7F-86DA-1B1C41E36CC3}.Release|Any CPU.Build.0 = Release|Any CPU
	EndGlobalSection
	GlobalSection(SolutionProperties) = preSolution
		HideSolutionNode = FALSE
	EndGlobalSection
	GlobalSection(NestedProjects) = preSolution
		{7C88B914-8DB1-4377-A6DE-35F2FFC2A972} = {95A0C500-7AE9-47F9-B67F-B816C3180DD6}
		{1D83E27E-9FFE-4330-865B-6332226213DC} = {95A0C500-7AE9-47F9-B67F-B816C3180DD6}
		{9E739048-2561-4296-A5B3-CECF15FC4FCA} = {95A0C500-7AE9-47F9-B67F-B816C3180DD6}
		{48D4B12C-5FB9-4636-8813-A9325C4F05EA} = {6601F709-D512-490C-B7C6-0D3A438235C1}
		{5E5EC5A9-8170-4D0B-9F26-CD251B72EC3A} = {B84B9177-5716-4CB4-B1F2-5EE0F73D0001}
		{221D1CB3-BB82-437B-B553-3119D9CBFFB3} = {B84B9177-5716-4CB4-B1F2-5EE0F73D0001}
		{3242A0DB-F693-4168-AECC-59B217EE367F} = {E0E16B79-5570-4107-900A-D2CADB620015}
		{54E65E31-8AB9-44B7-AEBA-1D2611A58ABB} = {9CBFC72B-00B3-43E3-9C26-8F067E7B8918}
		{F70C8E29-921E-4D87-A84E-ED2806DEC19F} = {54A1E1C1-8C91-49E2-B0E0-B7820A93F0A9}
		{80452167-B6AE-49C4-8056-B138B46814B0} = {2DC4B594-77EB-44DC-9893-98090440B6A3}
		{6ABEBD56-386A-4DD3-82DF-53D671EDB35B} = {C768E3F7-0AC1-4B6F-9469-9BC0CA6CB0A5}
		{1A8C66F7-3246-4AA8-8919-8B1AF14D1887} = {84B7D487-D5FA-44BB-857E-64CA153CACEE}
		{9B2F8B50-1898-4CF2-8DBA-C0B301EB3D99} = {207D277C-65FE-4ADE-8F88-B2F43E63A171}
		{7A87D928-BCE1-4CCA-A489-1B852FD17334} = {110F2B99-F2E5-401C-8F76-5D5D2C9CC211}
		{9DCF8FA4-2D5B-4A9A-9B22-410DC434DC8E} = {BDBAC958-4D1A-4125-8B21-BF55D50ACE3A}
		{6189715C-7C0C-4C99-84CC-0DDDF14AA5D1} = {94FB10C2-F87D-4F03-9DAF-6DFA7034BA84}
		{D4C20AB7-37F9-4E7F-86DA-1B1C41E36CC3} = {92A08F49-0695-43B3-9556-D69E962062C7}
	EndGlobalSection
EndGlobal
