
Microsoft Visual Studio Solution File, Format Version 12.00
# Visual Studio 2013
VisualStudioVersion = 12.0.31101.0
MinimumVisualStudioVersion = 10.0.40219.1
Project("{2150E333-8FDC-42A3-9474-1A3956D46DE8}") = "CursoCSharpModuloII.Heranca", "CursoCSharpModuloII.Heranca", "{B0820C90-0039-40E9-A099-45E30CDBC515}"
EndProject
Project("{FAE04EC0-301F-11D3-BF4B-00C04F79EFBC}") = "CursoCSharpModuloII.Heranca", "CursoCSharpModuloII.Heranca\CursoCSharpModuloII.Heranca.csproj", "{85A23FA7-BA1C-41D5-BAD7-51A0BA131BF7}"
EndProject
Project("{FAE04EC0-301F-11D3-BF4B-00C04F79EFBC}") = "CursoCSharpModuloII.Interface", "CursoCSharpModuloII.Interface\CursoCSharpModuloII.Interface.csproj", "{EF660E57-1A8F-44AA-AA6E-B0094E2B91EE}"
EndProject
Project("{FAE04EC0-301F-11D3-BF4B-00C04F79EFBC}") = "CursoCSharpModuloII.Array", "CursoCSharpModuloII.Array\CursoCSharpModuloII.Array.csproj", "{9A75461D-B237-4E18-8340-83313A7033EE}"
EndProject
Global
	GlobalSection(SolutionConfigurationPlatforms) = preSolution
		Debug|Any CPU = Debug|Any CPU
		Release|Any CPU = Release|Any CPU
	EndGlobalSection
	GlobalSection(ProjectConfigurationPlatforms) = postSolution
		{85A23FA7-BA1C-41D5-BAD7-51A0BA131BF7}.Debug|Any CPU.ActiveCfg = Debug|Any CPU
		{85A23FA7-BA1C-41D5-BAD7-51A0BA131BF7}.Debug|Any CPU.Build.0 = Debug|Any CPU
		{85A23FA7-BA1C-41D5-BAD7-51A0BA131BF7}.Release|Any CPU.ActiveCfg = Release|Any CPU
		{85A23FA7-BA1C-41D5-BAD7-51A0BA131BF7}.Release|Any CPU.Build.0 = Release|Any CPU
		{EF660E57-1A8F-44AA-AA6E-B0094E2B91EE}.Debug|Any CPU.ActiveCfg = Debug|Any CPU
		{EF660E57-1A8F-44AA-AA6E-B0094E2B91EE}.Debug|Any CPU.Build.0 = Debug|Any CPU
		{EF660E57-1A8F-44AA-AA6E-B0094E2B91EE}.Release|Any CPU.ActiveCfg = Release|Any CPU
		{EF660E57-1A8F-44AA-AA6E-B0094E2B91EE}.Release|Any CPU.Build.0 = Release|Any CPU
		{9A75461D-B237-4E18-8340-83313A7033EE}.Debug|Any CPU.ActiveCfg = Debug|Any CPU
		{9A75461D-B237-4E18-8340-83313A7033EE}.Debug|Any CPU.Build.0 = Debug|Any CPU
		{9A75461D-B237-4E18-8340-83313A7033EE}.Release|Any CPU.ActiveCfg = Release|Any CPU
		{9A75461D-B237-4E18-8340-83313A7033EE}.Release|Any CPU.Build.0 = Release|Any CPU
	EndGlobalSection
	GlobalSection(SolutionProperties) = preSolution
		HideSolutionNode = FALSE
	EndGlobalSection
	GlobalSection(NestedProjects) = preSolution
		{85A23FA7-BA1C-41D5-BAD7-51A0BA131BF7} = {B0820C90-0039-40E9-A099-45E30CDBC515}
		{EF660E57-1A8F-44AA-AA6E-B0094E2B91EE} = {B0820C90-0039-40E9-A099-45E30CDBC515}
		{9A75461D-B237-4E18-8340-83313A7033EE} = {B0820C90-0039-40E9-A099-45E30CDBC515}
	EndGlobalSection
EndGlobal
